// !$*UTF8*$!
{
	archiveVersion = 1;
	classes = {
	};
	objectVersion = 46;
	objects = {

/* Begin PBXBuildFile section */
		7DD0830B1BD8BE3C00B8A621 /* main.m in Sources */ = {isa = PBXBuildFile; fileRef = 7DD0830A1BD8BE3C00B8A621 /* main.m */; };
		7DD0830E1BD8BE3C00B8A621 /* AppDelegate.m in Sources */ = {isa = PBXBuildFile; fileRef = 7DD0830D1BD8BE3C00B8A621 /* AppDelegate.m */; };
		7DD083111BD8BE3C00B8A621 /* ViewController.m in Sources */ = {isa = PBXBuildFile; fileRef = 7DD083101BD8BE3C00B8A621 /* ViewController.m */; };
		7DD083141BD8BE3C00B8A621 /* Main.storyboard in Resources */ = {isa = PBXBuildFile; fileRef = 7DD083121BD8BE3C00B8A621 /* Main.storyboard */; };
		7DD083161BD8BE3C00B8A621 /* Assets.xcassets in Resources */ = {isa = PBXBuildFile; fileRef = 7DD083151BD8BE3C00B8A621 /* Assets.xcassets */; };
		7DD083191BD8BE3C00B8A621 /* LaunchScreen.storyboard in Resources */ = {isa = PBXBuildFile; fileRef = 7DD083171BD8BE3C00B8A621 /* LaunchScreen.storyboard */; };
		7DD083221BD8BE6200B8A621 /* LXDMenu.m in Sources */ = {isa = PBXBuildFile; fileRef = 7DD083211BD8BE6200B8A621 /* LXDMenu.m */; settings = {ASSET_TAGS = (); }; };
		7DD083261BD8CA5900B8A621 /* UIView+Utils.m in Sources */ = {isa = PBXBuildFile; fileRef = 7DD083251BD8CA5900B8A621 /* UIView+Utils.m */; settings = {ASSET_TAGS = (); }; };
		7DD083291BD8D0B600B8A621 /* LXDMenuItem.m in Sources */ = {isa = PBXBuildFile; fileRef = 7DD083281BD8D0B600B8A621 /* LXDMenuItem.m */; settings = {ASSET_TAGS = (); }; };
/* End PBXBuildFile section */

/* Begin PBXFileReference section */
		7DD083061BD8BE3C00B8A621 /* LXD-Menu.app */ = {isa = PBXFileReference; explicitFileType = wrapper.application; includeInIndex = 0; path = "LXD-Menu.app"; sourceTree = BUILT_PRODUCTS_DIR; };
		7DD0830A1BD8BE3C00B8A621 /* main.m */ = {isa = PBXFileReference; lastKnownFileType = sourcecode.c.objc; path = main.m; sourceTree = "<group>"; };
		7DD0830C1BD8BE3C00B8A621 /* AppDelegate.h */ = {isa = PBXFileReference; lastKnownFileType = sourcecode.c.h; path = AppDelegate.h; sourceTree = "<group>"; };
		7DD0830D1BD8BE3C00B8A621 /* AppDelegate.m */ = {isa = PBXFileReference; lastKnownFileType = sourcecode.c.objc; path = AppDelegate.m; sourceTree = "<group>"; };
		7DD0830F1BD8BE3C00B8A621 /* ViewController.h */ = {isa = PBXFileReference; lastKnownFileType = sourcecode.c.h; path = ViewController.h; sourceTree = "<group>"; };
		7DD083101BD8BE3C00B8A621 /* ViewController.m */ = {isa = PBXFileReference; lastKnownFileType = sourcecode.c.objc; path = ViewController.m; sourceTree = "<group>"; };
		7DD083131BD8BE3C00B8A621 /* Base */ = {isa = PBXFileReference; lastKnownFileType = file.storyboard; name = Base; path = Base.lproj/Main.storyboard; sourceTree = "<group>"; };
		7DD083151BD8BE3C00B8A621 /* Assets.xcassets */ = {isa = PBXFileReference; lastKnownFileType = folder.assetcatalog; path = Assets.xcassets; sourceTree = "<group>"; };
		7DD083181BD8BE3C00B8A621 /* Base */ = {isa = PBXFileReference; lastKnownFileType = file.storyboard; name = Base; path = Base.lproj/LaunchScreen.storyboard; sourceTree = "<group>"; };
		7DD0831A1BD8BE3C00B8A621 /* Info.plist */ = {isa = PBXFileReference; lastKnownFileType = text.plist.xml; path = Info.plist; sourceTree = "<group>"; };
		7DD083201BD8BE6200B8A621 /* LXDMenu.h */ = {isa = PBXFileReference; fileEncoding = 4; lastKnownFileType = sourcecode.c.h; path = LXDMenu.h; sourceTree = "<group>"; };
		7DD083211BD8BE6200B8A621 /* LXDMenu.m */ = {isa = PBXFileReference; fileEncoding = 4; lastKnownFileType = sourcecode.c.objc; path = LXDMenu.m; sourceTree = "<group>"; };
		7DD083241BD8CA5900B8A621 /* UIView+Utils.h */ = {isa = PBXFileReference; fileEncoding = 4; lastKnownFileType = sourcecode.c.h; path = "UIView+Utils.h"; sourceTree = "<group>"; };
		7DD083251BD8CA5900B8A621 /* UIView+Utils.m */ = {isa = PBXFileReference; fileEncoding = 4; lastKnownFileType = sourcecode.c.objc; path = "UIView+Utils.m"; sourceTree = "<group>"; };
		7DD083271BD8D0B600B8A621 /* LXDMenuItem.h */ = {isa = PBXFileReference; fileEncoding = 4; lastKnownFileType = sourcecode.c.h; path = LXDMenuItem.h; sourceTree = "<group>"; };
		7DD083281BD8D0B600B8A621 /* LXDMenuItem.m */ = {isa = PBXFileReference; fileEncoding = 4; lastKnownFileType = sourcecode.c.objc; path = LXDMenuItem.m; sourceTree = "<group>"; };
/* End PBXFileReference section */

/* Begin PBXFrameworksBuildPhase section */
		7DD083031BD8BE3C00B8A621 /* Frameworks */ = {
			isa = PBXFrameworksBuildPhase;
			buildActionMask = 2147483647;
			files = (
			);
			runOnlyForDeploymentPostprocessing = 0;
		};
/* End PBXFrameworksBuildPhase section */

/* Begin PBXGroup section */
		7DD082FD1BD8BE3C00B8A621 = {
			isa = PBXGroup;
			children = (
				7DD083081BD8BE3C00B8A621 /* LXD-Menu */,
				7DD083071BD8BE3C00B8A621 /* Products */,
			);
			sourceTree = "<group>";
		};
		7DD083071BD8BE3C00B8A621 /* Products */ = {
			isa = PBXGroup;
			children = (
				7DD083061BD8BE3C00B8A621 /* LXD-Menu.app */,
			);
			name = Products;
			sourceTree = "<group>";
		};
		7DD083081BD8BE3C00B8A621 /* LXD-Menu */ = {
			isa = PBXGroup;
			children = (
				7DD083231BD8BE6C00B8A621 /* LXDMenuView */,
				7DD0830C1BD8BE3C00B8A621 /* AppDelegate.h */,
				7DD0830D1BD8BE3C00B8A621 /* AppDelegate.m */,
				7DD0830F1BD8BE3C00B8A621 /* ViewController.h */,
				7DD083101BD8BE3C00B8A621 /* ViewController.m */,
				7DD083121BD8BE3C00B8A621 /* Main.storyboard */,
				7DD083151BD8BE3C00B8A621 /* Assets.xcassets */,
				7DD083171BD8BE3C00B8A621 /* LaunchScreen.storyboard */,
				7DD0831A1BD8BE3C00B8A621 /* Info.plist */,
				7DD083091BD8BE3C00B8A621 /* Supporting Files */,
			);
			path = "LXD-Menu";
			sourceTree = "<group>";
		};
		7DD083091BD8BE3C00B8A621 /* Supporting Files */ = {
			isa = PBXGroup;
			children = (
				7DD0830A1BD8BE3C00B8A621 /* main.m */,
			);
			name = "Supporting Files";
			sourceTree = "<group>";
		};
		7DD083231BD8BE6C00B8A621 /* LXDMenuView */ = {
			isa = PBXGroup;
			children = (
				7DD083241BD8CA5900B8A621 /* UIView+Utils.h */,
				7DD083251BD8CA5900B8A621 /* UIView+Utils.m */,
				7DD083201BD8BE6200B8A621 /* LXDMenu.h */,
				7DD083211BD8BE6200B8A621 /* LXDMenu.m */,
				7DD083271BD8D0B600B8A621 /* LXDMenuItem.h */,
				7DD083281BD8D0B600B8A621 /* LXDMenuItem.m */,
			);
			name = LXDMenuView;
			sourceTree = "<group>";
		};
/* End PBXGroup section */

/* Begin PBXNativeTarget section */
		7DD083051BD8BE3C00B8A621 /* LXD-Menu */ = {
			isa = PBXNativeTarget;
			buildConfigurationList = 7DD0831D1BD8BE3C00B8A621 /* Build configuration list for PBXNativeTarget "LXD-Menu" */;
			buildPhases = (
				7DD083021BD8BE3C00B8A621 /* Sources */,
				7DD083031BD8BE3C00B8A621 /* Frameworks */,
				7DD083041BD8BE3C00B8A621 /* Resources */,
			);
			buildRules = (
			);
			dependencies = (
			);
			name = "LXD-Menu";
			productName = "LXD-Menu";
			productReference = 7DD083061BD8BE3C00B8A621 /* LXD-Menu.app */;
			productType = "com.apple.product-type.application";
		};
/* End PBXNativeTarget section */

/* Begin PBXProject section */
		7DD082FE1BD8BE3C00B8A621 /* Project object */ = {
			isa = PBXProject;
			attributes = {
				LastUpgradeCheck = 0700;
				ORGANIZATIONNAME = "刘 晓东";
				TargetAttributes = {
					7DD083051BD8BE3C00B8A621 = {
						CreatedOnToolsVersion = 7.0.1;
						DevelopmentTeam = K5339Z7WB8;
					};
				};
			};
			buildConfigurationList = 7DD083011BD8BE3C00B8A621 /* Build configuration list for PBXProject "LXD-Menu" */;
			compatibilityVersion = "Xcode 3.2";
			developmentRegion = English;
			hasScannedForEncodings = 0;
			knownRegions = (
				en,
				Base,
			);
			mainGroup = 7DD082FD1BD8BE3C00B8A621;
			productRefGroup = 7DD083071BD8BE3C00B8A621 /* Products */;
			projectDirPath = "";
			projectRoot = "";
			targets = (
				7DD083051BD8BE3C00B8A621 /* LXD-Menu */,
			);
		};
/* End PBXProject section */

/* Begin PBXResourcesBuildPhase section */
		7DD083041BD8BE3C00B8A621 /* Resources */ = {
			isa = PBXResourcesBuildPhase;
			buildActionMask = 2147483647;
			files = (
				7DD083191BD8BE3C00B8A621 /* LaunchScreen.storyboard in Resources */,
				7DD083161BD8BE3C00B8A621 /* Assets.xcassets in Resources */,
				7DD083141BD8BE3C00B8A621 /* Main.storyboard in Resources */,
			);
			runOnlyForDeploymentPostprocessing = 0;
		};
/* End PBXResourcesBuildPhase section */

/* Begin PBXSourcesBuildPhase section */
		7DD083021BD8BE3C00B8A621 /* Sources */ = {
			isa = PBXSourcesBuildPhase;
			buildActionMask = 2147483647;
			files = (
				7DD083111BD8BE3C00B8A621 /* ViewController.m in Sources */,
				7DD083221BD8BE6200B8A621 /* LXDMenu.m in Sources */,
				7DD0830E1BD8BE3C00B8A621 /* AppDelegate.m in Sources */,
				7DD083261BD8CA5900B8A621 /* UIView+Utils.m in Sources */,
				7DD083291BD8D0B600B8A621 /* LXDMenuItem.m in Sources */,
				7DD0830B1BD8BE3C00B8A621 /* main.m in Sources */,
			);
			runOnlyForDeploymentPostprocessing = 0;
		};
/* End PBXSourcesBuildPhase section */

/* Begin PBXVariantGroup section */
		7DD083121BD8BE3C00B8A621 /* Main.storyboard */ = {
			isa = PBXVariantGroup;
			children = (
				7DD083131BD8BE3C00B8A621 /* Base */,
			);
			name = Main.storyboard;
			sourceTree = "<group>";
		};
		7DD083171BD8BE3C00B8A621 /* LaunchScreen.storyboard */ = {
			isa = PBXVariantGroup;
			children = (
				7DD083181BD8BE3C00B8A621 /* Base */,
			);
			name = LaunchScreen.storyboard;
			sourceTree = "<group>";
		};
/* End PBXVariantGroup section */

/* Begin XCBuildConfiguration section */
		7DD0831B1BD8BE3C00B8A621 /* Debug */ = {
			isa = XCBuildConfiguration;
			buildSettings = {
				ALWAYS_SEARCH_USER_PATHS = NO;
				CLANG_CXX_LANGUAGE_STANDARD = "gnu++0x";
				CLANG_CXX_LIBRARY = "libc++";
				CLANG_ENABLE_MODULES = YES;
				CLANG_ENABLE_OBJC_ARC = YES;
				CLANG_WARN_BOOL_CONVERSION = YES;
				CLANG_WARN_CONSTANT_CONVERSION = YES;
				CLANG_WARN_DIRECT_OBJC_ISA_USAGE = YES_ERROR;
				CLANG_WARN_EMPTY_BODY = YES;
				CLANG_WARN_ENUM_CONVERSION = YES;
				CLANG_WARN_INT_CONVERSION = YES;
				CLANG_WARN_OBJC_ROOT_CLASS = YES_ERROR;
				CLANG_WARN_UNREACHABLE_CODE = YES;
				CLANG_WARN__DUPLICATE_METHOD_MATCH = YES;
				"CODE_SIGN_IDENTITY[sdk=iphoneos*]" = "iPhone Developer";
				COPY_PHASE_STRIP = NO;
				DEBUG_INFORMATION_FORMAT = dwarf;
				ENABLE_STRICT_OBJC_MSGSEND = YES;
				ENABLE_TESTABILITY = YES;
				GCC_C_LANGUAGE_STANDARD = gnu99;
				GCC_DYNAMIC_NO_PIC = NO;
				GCC_NO_COMMON_BLOCKS = YES;
				GCC_OPTIMIZATION_LEVEL = 0;
				GCC_PREPROCESSOR_DEFINITIONS = (
					"DEBUG=1",
					"$(inherited)",
				);
				GCC_WARN_64_TO_32_BIT_CONVERSION = YES;
				GCC_WARN_ABOUT_RETURN_TYPE = YES_ERROR;
				GCC_WARN_UNDECLARED_SELECTOR = YES;
				GCC_WARN_UNINITIALIZED_AUTOS = YES_AGGRESSIVE;
				GCC_WARN_UNUSED_FUNCTION = YES;
				GCC_WARN_UNUSED_VARIABLE = YES;
				IPHONEOS_DEPLOYMENT_TARGET = 9.0;
				MTL_ENABLE_DEBUG_INFO = YES;
				ONLY_ACTIVE_ARCH = YES;
				SDKROOT = iphoneos;
			};
			name = Debug;
		};
		7DD0831C1BD8BE3C00B8A621 /* Release */ = {
			isa = XCBuildConfiguration;
			buildSettings = {
				ALWAYS_SEARCH_USER_PATHS = NO;
				CLANG_CXX_LANGUAGE_STANDARD = "gnu++0x";
				CLANG_CXX_LIBRARY = "libc++";
				CLANG_ENABLE_MODULES = YES;
				CLANG_ENABLE_OBJC_ARC = YES;
				CLANG_WARN_BOOL_CONVERSION = YES;
				CLANG_WARN_CONSTANT_CONVERSION = YES;
				CLANG_WARN_DIRECT_OBJC_ISA_USAGE = YES_ERROR;
				CLANG_WARN_EMPTY_BODY = YES;
				CLANG_WARN_ENUM_CONVERSION = YES;
				CLANG_WARN_INT_CONVERSION = YES;
				CLANG_WARN_OBJC_ROOT_CLASS = YES_ERROR;
				CLANG_WARN_UNREACHABLE_CODE = YES;
				CLANG_WARN__DUPLICATE_METHOD_MATCH = YES;
				"CODE_SIGN_IDENTITY[sdk=iphoneos*]" = "iPhone Developer";
				COPY_PHASE_STRIP = NO;
				DEBUG_INFORMATION_FORMAT = "dwarf-with-dsym";
				ENABLE_NS_ASSERTIONS = NO;
				ENABLE_STRICT_OBJC_MSGSEND = YES;
				GCC_C_LANGUAGE_STANDARD = gnu99;
				GCC_NO_COMMON_BLOCKS = YES;
				GCC_WARN_64_TO_32_BIT_CONVERSION = YES;
				GCC_WARN_ABOUT_RETURN_TYPE = YES_ERROR;
				GCC_WARN_UNDECLARED_SELECTOR = YES;
				GCC_WARN_UNINITIALIZED_AUTOS = YES_AGGRESSIVE;
				GCC_WARN_UNUSED_FUNCTION = YES;
				GCC_WARN_UNUSED_VARIABLE = YES;
				IPHONEOS_DEPLOYMENT_TARGET = 9.0;
				MTL_ENABLE_DEBUG_INFO = NO;
				SDKROOT = iphoneos;
				VALIDATE_PRODUCT = YES;
			};
			name = Release;
		};
		7DD0831E1BD8BE3C00B8A621 /* Debug */ = {
			isa = XCBuildConfiguration;
			buildSettings = {
				ASSETCATALOG_COMPILER_APPICON_NAME = AppIcon;
				INFOPLIST_FILE = "LXD-Menu/Info.plist";
				LD_RUNPATH_SEARCH_PATHS = "$(inherited) @executable_path/Frameworks";
				PRODUCT_BUNDLE_IDENTIFIER = "com.csusheep.LXD-Menu";
				PRODUCT_NAME = "$(TARGET_NAME)";
			};
			name = Debug;
		};
		7DD0831F1BD8BE3C00B8A621 /* Release */ = {
			isa = XCBuildConfiguration;
			buildSettings = {
				ASSETCATALOG_COMPILER_APPICON_NAME = AppIcon;
				INFOPLIST_FILE = "LXD-Menu/Info.plist";
				LD_RUNPATH_SEARCH_PATHS = "$(inherited) @executable_path/Frameworks";
				PRODUCT_BUNDLE_IDENTIFIER = "com.csusheep.LXD-Menu";
				PRODUCT_NAME = "$(TARGET_NAME)";
			};
			name = Release;
		};
/* End XCBuildConfiguration section */

/* Begin XCConfigurationList section */
		7DD083011BD8BE3C00B8A621 /* Build configuration list for PBXProject "LXD-Menu" */ = {
			isa = XCConfigurationList;
			buildConfigurations = (
				7DD0831B1BD8BE3C00B8A621 /* Debug */,
				7DD0831C1BD8BE3C00B8A621 /* Release */,
			);
			defaultConfigurationIsVisible = 0;
			defaultConfigurationName = Release;
		};
		7DD0831D1BD8BE3C00B8A621 /* Build configuration list for PBXNativeTarget "LXD-Menu" */ = {
			isa = XCConfigurationList;
			buildConfigurations = (
				7DD0831E1BD8BE3C00B8A621 /* Debug */,
				7DD0831F1BD8BE3C00B8A621 /* Release */,
			);
			defaultConfigurationIsVisible = 0;
		};
/* End XCConfigurationList section */
	};
	rootObject = 7DD082FE1BD8BE3C00B8A621 /* Project object */;
}
